
Microsoft Visual Studio Solution File, Format Version 12.00
Project("{FAE04EC0-301F-11D3-BF4B-00C04F79EFBC}") = "TimetableApp", "TimetableApp\TimetableApp\TimetableApp.csproj", "{200ACDF6-2357-48D2-AAE8-1CB4940D3DBB}"
EndProject
Project("{FAE04EC0-301F-11D3-BF4B-00C04F79EFBC}") = "TimetableApp.Droid", "TimetableApp\TimetableApp.Droid\TimetableApp.Droid.csproj", "{BAE3B96B-72F4-48FB-9694-5D5A64084E6C}"
EndProject
Project("{FAE04EC0-301F-11D3-BF4B-00C04F79EFBC}") = "TimetableApp.iOS", "TimetableApp\TimetableApp.iOS\TimetableApp.iOS.csproj", "{4B47BFD5-FBEB-40FE-823E-E6140BF7AC1C}"
EndProject
Global
	GlobalSection(SolutionConfigurationPlatforms) = preSolution
		Ad-Hoc|iPhone = Ad-Hoc|iPhone
		AppStore|iPhone = AppStore|iPhone
		Debug|Any CPU = Debug|Any CPU
		Debug|iPhone = Debug|iPhone
		Debug|iPhoneSimulator = Debug|iPhoneSimulator
		Release|Any CPU = Release|Any CPU
		Release|iPhone = Release|iPhone
		Release|iPhoneSimulator = Release|iPhoneSimulator
	EndGlobalSection
	GlobalSection(ProjectConfigurationPlatforms) = postSolution
		{200ACDF6-2357-48D2-AAE8-1CB4940D3DBB}.Ad-Hoc|iPhone.ActiveCfg = Debug|Any CPU
		{200ACDF6-2357-48D2-AAE8-1CB4940D3DBB}.Ad-Hoc|iPhone.Build.0 = Debug|Any CPU
		{200ACDF6-2357-48D2-AAE8-1CB4940D3DBB}.AppStore|iPhone.ActiveCfg = Debug|Any CPU
		{200ACDF6-2357-48D2-AAE8-1CB4940D3DBB}.AppStore|iPhone.Build.0 = Debug|Any CPU
		{200ACDF6-2357-48D2-AAE8-1CB4940D3DBB}.Debug|Any CPU.ActiveCfg = Debug|Any CPU
		{200ACDF6-2357-48D2-AAE8-1CB4940D3DBB}.Debug|Any CPU.Build.0 = Debug|Any CPU
		{200ACDF6-2357-48D2-AAE8-1CB4940D3DBB}.Debug|iPhone.ActiveCfg = Debug|Any CPU
		{200ACDF6-2357-48D2-AAE8-1CB4940D3DBB}.Debug|iPhone.Build.0 = Debug|Any CPU
		{200ACDF6-2357-48D2-AAE8-1CB4940D3DBB}.Debug|iPhoneSimulator.ActiveCfg = Debug|Any CPU
		{200ACDF6-2357-48D2-AAE8-1CB4940D3DBB}.Debug|iPhoneSimulator.Build.0 = Debug|Any CPU
		{200ACDF6-2357-48D2-AAE8-1CB4940D3DBB}.Release|Any CPU.ActiveCfg = Release|Any CPU
		{200ACDF6-2357-48D2-AAE8-1CB4940D3DBB}.Release|Any CPU.Build.0 = Release|Any CPU
		{200ACDF6-2357-48D2-AAE8-1CB4940D3DBB}.Release|iPhone.ActiveCfg = Release|Any CPU
		{200ACDF6-2357-48D2-AAE8-1CB4940D3DBB}.Release|iPhone.Build.0 = Release|Any CPU
		{200ACDF6-2357-48D2-AAE8-1CB4940D3DBB}.Release|iPhoneSimulator.ActiveCfg = Release|Any CPU
		{200ACDF6-2357-48D2-AAE8-1CB4940D3DBB}.Release|iPhoneSimulator.Build.0 = Release|Any CPU
		{BAE3B96B-72F4-48FB-9694-5D5A64084E6C}.Ad-Hoc|iPhone.ActiveCfg = Debug|Any CPU
		{BAE3B96B-72F4-48FB-9694-5D5A64084E6C}.Ad-Hoc|iPhone.Build.0 = Debug|Any CPU
		{BAE3B96B-72F4-48FB-9694-5D5A64084E6C}.Ad-Hoc|iPhone.Deploy.0 = Debug|Any CPU
		{BAE3B96B-72F4-48FB-9694-5D5A64084E6C}.AppStore|iPhone.ActiveCfg = Debug|Any CPU
		{BAE3B96B-72F4-48FB-9694-5D5A64084E6C}.AppStore|iPhone.Build.0 = Debug|Any CPU
		{BAE3B96B-72F4-48FB-9694-5D5A64084E6C}.AppStore|iPhone.Deploy.0 = Debug|Any CPU
		{BAE3B96B-72F4-48FB-9694-5D5A64084E6C}.Debug|Any CPU.ActiveCfg = Debug|Any CPU
		{BAE3B96B-72F4-48FB-9694-5D5A64084E6C}.Debug|Any CPU.Build.0 = Debug|Any CPU
		{BAE3B96B-72F4-48FB-9694-5D5A64084E6C}.Debug|Any CPU.Deploy.0 = Debug|Any CPU
		{BAE3B96B-72F4-48FB-9694-5D5A64084E6C}.Debug|iPhone.ActiveCfg = Debug|Any CPU
		{BAE3B96B-72F4-48FB-9694-5D5A64084E6C}.Debug|iPhone.Build.0 = Debug|Any CPU
		{BAE3B96B-72F4-48FB-9694-5D5A64084E6C}.Debug|iPhone.Deploy.0 = Debug|Any CPU
		{BAE3B96B-72F4-48FB-9694-5D5A64084E6C}.Debug|iPhoneSimulator.ActiveCfg = Debug|Any CPU
		{BAE3B96B-72F4-48FB-9694-5D5A64084E6C}.Debug|iPhoneSimulator.Build.0 = Debug|Any CPU
		{BAE3B96B-72F4-48FB-9694-5D5A64084E6C}.Debug|iPhoneSimulator.Deploy.0 = Debug|Any CPU
		{BAE3B96B-72F4-48FB-9694-5D5A64084E6C}.Release|Any CPU.ActiveCfg = Release|Any CPU
		{BAE3B96B-72F4-48FB-9694-5D5A64084E6C}.Release|Any CPU.Build.0 = Release|Any CPU
		{BAE3B96B-72F4-48FB-9694-5D5A64084E6C}.Release|Any CPU.Deploy.0 = Release|Any CPU
		{BAE3B96B-72F4-48FB-9694-5D5A64084E6C}.Release|iPhone.ActiveCfg = Release|Any CPU
		{BAE3B96B-72F4-48FB-9694-5D5A64084E6C}.Release|iPhone.Build.0 = Release|Any CPU
		{BAE3B96B-72F4-48FB-9694-5D5A64084E6C}.Release|iPhone.Deploy.0 = Release|Any CPU
		{BAE3B96B-72F4-48FB-9694-5D5A64084E6C}.Release|iPhoneSimulator.ActiveCfg = Release|Any CPU
		{BAE3B96B-72F4-48FB-9694-5D5A64084E6C}.Release|iPhoneSimulator.Build.0 = Release|Any CPU
		{BAE3B96B-72F4-48FB-9694-5D5A64084E6C}.Release|iPhoneSimulator.Deploy.0 = Release|Any CPU
		{4B47BFD5-FBEB-40FE-823E-E6140BF7AC1C}.Ad-Hoc|iPhone.ActiveCfg = Ad-Hoc|iPhone
		{4B47BFD5-FBEB-40FE-823E-E6140BF7AC1C}.Ad-Hoc|iPhone.Build.0 = Ad-Hoc|iPhone
		{4B47BFD5-FBEB-40FE-823E-E6140BF7AC1C}.Ad-Hoc|iPhone.Deploy.0 = Ad-Hoc|iPhone
		{4B47BFD5-FBEB-40FE-823E-E6140BF7AC1C}.AppStore|iPhone.ActiveCfg = AppStore|iPhone
		{4B47BFD5-FBEB-40FE-823E-E6140BF7AC1C}.AppStore|iPhone.Build.0 = AppStore|iPhone
		{4B47BFD5-FBEB-40FE-823E-E6140BF7AC1C}.AppStore|iPhone.Deploy.0 = AppStore|iPhone
		{4B47BFD5-FBEB-40FE-823E-E6140BF7AC1C}.Debug|Any CPU.ActiveCfg = Debug|iPhoneSimulator
		{4B47BFD5-FBEB-40FE-823E-E6140BF7AC1C}.Debug|Any CPU.Build.0 = Debug|iPhoneSimulator
		{4B47BFD5-FBEB-40FE-823E-E6140BF7AC1C}.Debug|Any CPU.Deploy.0 = Debug|iPhoneSimulator
		{4B47BFD5-FBEB-40FE-823E-E6140BF7AC1C}.Debug|iPhone.ActiveCfg = Debug|iPhone
		{4B47BFD5-FBEB-40FE-823E-E6140BF7AC1C}.Debug|iPhone.Build.0 = Debug|iPhone
		{4B47BFD5-FBEB-40FE-823E-E6140BF7AC1C}.Debug|iPhone.Deploy.0 = Debug|iPhone
		{4B47BFD5-FBEB-40FE-823E-E6140BF7AC1C}.Debug|iPhoneSimulator.ActiveCfg = Debug|iPhoneSimulator
		{4B47BFD5-FBEB-40FE-823E-E6140BF7AC1C}.Debug|iPhoneSimulator.Build.0 = Debug|iPhoneSimulator
		{4B47BFD5-FBEB-40FE-823E-E6140BF7AC1C}.Debug|iPhoneSimulator.Deploy.0 = Debug|iPhoneSimulator
		{4B47BFD5-FBEB-40FE-823E-E6140BF7AC1C}.Release|Any CPU.ActiveCfg = Release|iPhoneSimulator
		{4B47BFD5-FBEB-40FE-823E-E6140BF7AC1C}.Release|Any CPU.Build.0 = Release|iPhoneSimulator
		{4B47BFD5-FBEB-40FE-823E-E6140BF7AC1C}.Release|Any CPU.Deploy.0 = Release|iPhoneSimulator
		{4B47BFD5-FBEB-40FE-823E-E6140BF7AC1C}.Release|iPhone.ActiveCfg = Release|iPhone
		{4B47BFD5-FBEB-40FE-823E-E6140BF7AC1C}.Release|iPhone.Build.0 = Release|iPhone
		{4B47BFD5-FBEB-40FE-823E-E6140BF7AC1C}.Release|iPhone.Deploy.0 = Release|iPhone
		{4B47BFD5-FBEB-40FE-823E-E6140BF7AC1C}.Release|iPhoneSimulator.ActiveCfg = Release|iPhoneSimulator
		{4B47BFD5-FBEB-40FE-823E-E6140BF7AC1C}.Release|iPhoneSimulator.Build.0 = Release|iPhoneSimulator
		{4B47BFD5-FBEB-40FE-823E-E6140BF7AC1C}.Release|iPhoneSimulator.Deploy.0 = Release|iPhoneSimulator
	EndGlobalSection
EndGlobal
